
Microsoft Visual Studio Solution File, Format Version 12.00
# Visual Studio 15
VisualStudioVersion = 15.0.28307.1500
MinimumVisualStudioVersion = 10.0.40219.1
Project("{FAE04EC0-301F-11D3-BF4B-00C04F79EFBC}") = "APi version", "APi version\APi version.csproj", "{DD6CBB2A-2B4E-4665-B2A8-6C3F195C3C83}"
EndProject
Global
	GlobalSection(SolutionConfigurationPlatforms) = preSolution
		Debug|Any CPU = Debug|Any CPU
		Release|Any CPU = Release|Any CPU
	EndGlobalSection
	GlobalSection(ProjectConfigurationPlatforms) = postSolution
		{DD6CBB2A-2B4E-4665-B2A8-6C3F195C3C83}.Debug|Any CPU.ActiveCfg = Debug|Any CPU
		{DD6CBB2A-2B4E-4665-B2A8-6C3F195C3C83}.Debug|Any CPU.Build.0 = Debug|Any CPU
		{DD6CBB2A-2B4E-4665-B2A8-6C3F195C3C83}.Release|Any CPU.ActiveCfg = Release|Any CPU
		{DD6CBB2A-2B4E-4665-B2A8-6C3F195C3C83}.Release|Any CPU.Build.0 = Release|Any CPU
	EndGlobalSection
	GlobalSection(SolutionProperties) = preSolution
		HideSolutionNode = FALSE
	EndGlobalSection
	GlobalSection(ExtensibilityGlobals) = postSolution
		SolutionGuid = {FC28ED40-75CD-41D9-88B9-69DCE294D141}
	EndGlobalSection
EndGlobal
